// !$*UTF8*$!
{
	archiveVersion = 1;
	classes = {
	};
	objectVersion = 46;
	objects = {

/* Begin PBXBuildFile section */
		5DEAE84F1AF21E5500D55CE1 /* main.m in Sources */ = {isa = PBXBuildFile; fileRef = 5DEAE84E1AF21E5500D55CE1 /* main.m */; };
		5DEAE8521AF21E5500D55CE1 /* AppDelegate.m in Sources */ = {isa = PBXBuildFile; fileRef = 5DEAE8511AF21E5500D55CE1 /* AppDelegate.m */; };
		5DEAE8551AF21E5500D55CE1 /* ViewController.m in Sources */ = {isa = PBXBuildFile; fileRef = 5DEAE8541AF21E5500D55CE1 /* ViewController.m */; };
		5DEAE8581AF21E5500D55CE1 /* Main.storyboard in Resources */ = {isa = PBXBuildFile; fileRef = 5DEAE8561AF21E5500D55CE1 /* Main.storyboard */; };
		5DEAE85A1AF21E5500D55CE1 /* Images.xcassets in Resources */ = {isa = PBXBuildFile; fileRef = 5DEAE8591AF21E5500D55CE1 /* Images.xcassets */; };
		5DEAE85D1AF21E5500D55CE1 /* LaunchScreen.xib in Resources */ = {isa = PBXBuildFile; fileRef = 5DEAE85B1AF21E5500D55CE1 /* LaunchScreen.xib */; };
		5DEAE8691AF21E5500D55CE1 /* DeepIntoThreadTests.m in Sources */ = {isa = PBXBuildFile; fileRef = 5DEAE8681AF21E5500D55CE1 /* DeepIntoThreadTests.m */; };
/* End PBXBuildFile section */

/* Begin PBXContainerItemProxy section */
		5DEAE8631AF21E5500D55CE1 /* PBXContainerItemProxy */ = {
			isa = PBXContainerItemProxy;
			containerPortal = 5DEAE8411AF21E5500D55CE1 /* Project object */;
			proxyType = 1;
			remoteGlobalIDString = 5DEAE8481AF21E5500D55CE1;
			remoteInfo = DeepIntoThread;
		};
/* End PBXContainerItemProxy section */

/* Begin PBXFileReference section */
		5DEAE8491AF21E5500D55CE1 /* DeepIntoThread.app */ = {isa = PBXFileReference; explicitFileType = wrapper.application; includeInIndex = 0; path = DeepIntoThread.app; sourceTree = BUILT_PRODUCTS_DIR; };
		5DEAE84D1AF21E5500D55CE1 /* Info.plist */ = {isa = PBXFileReference; lastKnownFileType = text.plist.xml; path = Info.plist; sourceTree = "<group>"; };
		5DEAE84E1AF21E5500D55CE1 /* main.m */ = {isa = PBXFileReference; lastKnownFileType = sourcecode.c.objc; path = main.m; sourceTree = "<group>"; };
		5DEAE8501AF21E5500D55CE1 /* AppDelegate.h */ = {isa = PBXFileReference; lastKnownFileType = sourcecode.c.h; path = AppDelegate.h; sourceTree = "<group>"; };
		5DEAE8511AF21E5500D55CE1 /* AppDelegate.m */ = {isa = PBXFileReference; lastKnownFileType = sourcecode.c.objc; path = AppDelegate.m; sourceTree = "<group>"; };
		5DEAE8531AF21E5500D55CE1 /* ViewController.h */ = {isa = PBXFileReference; lastKnownFileType = sourcecode.c.h; path = ViewController.h; sourceTree = "<group>"; };
		5DEAE8541AF21E5500D55CE1 /* ViewController.m */ = {isa = PBXFileReference; lastKnownFileType = sourcecode.c.objc; path = ViewController.m; sourceTree = "<group>"; };
		5DEAE8571AF21E5500D55CE1 /* Base */ = {isa = PBXFileReference; lastKnownFileType = file.storyboard; name = Base; path = Base.lproj/Main.storyboard; sourceTree = "<group>"; };
		5DEAE8591AF21E5500D55CE1 /* Images.xcassets */ = {isa = PBXFileReference; lastKnownFileType = folder.assetcatalog; path = Images.xcassets; sourceTree = "<group>"; };
		5DEAE85C1AF21E5500D55CE1 /* Base */ = {isa = PBXFileReference; lastKnownFileType = file.xib; name = Base; path = Base.lproj/LaunchScreen.xib; sourceTree = "<group>"; };
		5DEAE8621AF21E5500D55CE1 /* DeepIntoThreadTests.xctest */ = {isa = PBXFileReference; explicitFileType = wrapper.cfbundle; includeInIndex = 0; path = DeepIntoThreadTests.xctest; sourceTree = BUILT_PRODUCTS_DIR; };
		5DEAE8671AF21E5500D55CE1 /* Info.plist */ = {isa = PBXFileReference; lastKnownFileType = text.plist.xml; path = Info.plist; sourceTree = "<group>"; };
		5DEAE8681AF21E5500D55CE1 /* DeepIntoThreadTests.m */ = {isa = PBXFileReference; lastKnownFileType = sourcecode.c.objc; path = DeepIntoThreadTests.m; sourceTree = "<group>"; };
/* End PBXFileReference section */

/* Begin PBXFrameworksBuildPhase section */
		5DEAE8461AF21E5500D55CE1 /* Frameworks */ = {
			isa = PBXFrameworksBuildPhase;
			buildActionMask = 2147483647;
			files = (
			);
			runOnlyForDeploymentPostprocessing = 0;
		};
		5DEAE85F1AF21E5500D55CE1 /* Frameworks */ = {
			isa = PBXFrameworksBuildPhase;
			buildActionMask = 2147483647;
			files = (
			);
			runOnlyForDeploymentPostprocessing = 0;
		};
/* End PBXFrameworksBuildPhase section */

/* Begin PBXGroup section */
		5DEAE8401AF21E5500D55CE1 = {
			isa = PBXGroup;
			children = (
				5DEAE84B1AF21E5500D55CE1 /* DeepIntoThread */,
				5DEAE8651AF21E5500D55CE1 /* DeepIntoThreadTests */,
				5DEAE84A1AF21E5500D55CE1 /* Products */,
			);
			sourceTree = "<group>";
		};
		5DEAE84A1AF21E5500D55CE1 /* Products */ = {
			isa = PBXGroup;
			children = (
				5DEAE8491AF21E5500D55CE1 /* DeepIntoThread.app */,
				5DEAE8621AF21E5500D55CE1 /* DeepIntoThreadTests.xctest */,
			);
			name = Products;
			sourceTree = "<group>";
		};
		5DEAE84B1AF21E5500D55CE1 /* DeepIntoThread */ = {
			isa = PBXGroup;
			children = (
				5DEAE8501AF21E5500D55CE1 /* AppDelegate.h */,
				5DEAE8511AF21E5500D55CE1 /* AppDelegate.m */,
				5DEAE8531AF21E5500D55CE1 /* ViewController.h */,
				5DEAE8541AF21E5500D55CE1 /* ViewController.m */,
				5DEAE8561AF21E5500D55CE1 /* Main.storyboard */,
				5DEAE8591AF21E5500D55CE1 /* Images.xcassets */,
				5DEAE85B1AF21E5500D55CE1 /* LaunchScreen.xib */,
				5DEAE84C1AF21E5500D55CE1 /* Supporting Files */,
			);
			path = DeepIntoThread;
			sourceTree = "<group>";
		};
		5DEAE84C1AF21E5500D55CE1 /* Supporting Files */ = {
			isa = PBXGroup;
			children = (
				5DEAE84D1AF21E5500D55CE1 /* Info.plist */,
				5DEAE84E1AF21E5500D55CE1 /* main.m */,
			);
			name = "Supporting Files";
			sourceTree = "<group>";
		};
		5DEAE8651AF21E5500D55CE1 /* DeepIntoThreadTests */ = {
			isa = PBXGroup;
			children = (
				5DEAE8681AF21E5500D55CE1 /* DeepIntoThreadTests.m */,
				5DEAE8661AF21E5500D55CE1 /* Supporting Files */,
			);
			path = DeepIntoThreadTests;
			sourceTree = "<group>";
		};
		5DEAE8661AF21E5500D55CE1 /* Supporting Files */ = {
			isa = PBXGroup;
			children = (
				5DEAE8671AF21E5500D55CE1 /* Info.plist */,
			);
			name = "Supporting Files";
			sourceTree = "<group>";
		};
/* End PBXGroup section */

/* Begin PBXNativeTarget section */
		5DEAE8481AF21E5500D55CE1 /* DeepIntoThread */ = {
			isa = PBXNativeTarget;
			buildConfigurationList = 5DEAE86C1AF21E5500D55CE1 /* Build configuration list for PBXNativeTarget "DeepIntoThread" */;
			buildPhases = (
				5DEAE8451AF21E5500D55CE1 /* Sources */,
				5DEAE8461AF21E5500D55CE1 /* Frameworks */,
				5DEAE8471AF21E5500D55CE1 /* Resources */,
			);
			buildRules = (
			);
			dependencies = (
			);
			name = DeepIntoThread;
			productName = DeepIntoThread;
			productReference = 5DEAE8491AF21E5500D55CE1 /* DeepIntoThread.app */;
			productType = "com.apple.product-type.application";
		};
		5DEAE8611AF21E5500D55CE1 /* DeepIntoThreadTests */ = {
			isa = PBXNativeTarget;
			buildConfigurationList = 5DEAE86F1AF21E5500D55CE1 /* Build configuration list for PBXNativeTarget "DeepIntoThreadTests" */;
			buildPhases = (
				5DEAE85E1AF21E5500D55CE1 /* Sources */,
				5DEAE85F1AF21E5500D55CE1 /* Frameworks */,
				5DEAE8601AF21E5500D55CE1 /* Resources */,
			);
			buildRules = (
			);
			dependencies = (
				5DEAE8641AF21E5500D55CE1 /* PBXTargetDependency */,
			);
			name = DeepIntoThreadTests;
			productName = DeepIntoThreadTests;
			productReference = 5DEAE8621AF21E5500D55CE1 /* DeepIntoThreadTests.xctest */;
			productType = "com.apple.product-type.bundle.unit-test";
		};
/* End PBXNativeTarget section */

/* Begin PBXProject section */
		5DEAE8411AF21E5500D55CE1 /* Project object */ = {
			isa = PBXProject;
			attributes = {
				LastUpgradeCheck = 0630;
				ORGANIZATIONNAME = ronglei;
				TargetAttributes = {
					5DEAE8481AF21E5500D55CE1 = {
						CreatedOnToolsVersion = 6.3.1;
					};
					5DEAE8611AF21E5500D55CE1 = {
						CreatedOnToolsVersion = 6.3.1;
						TestTargetID = 5DEAE8481AF21E5500D55CE1;
					};
				};
			};
			buildConfigurationList = 5DEAE8441AF21E5500D55CE1 /* Build configuration list for PBXProject "DeepIntoThread" */;
			compatibilityVersion = "Xcode 3.2";
			developmentRegion = English;
			hasScannedForEncodings = 0;
			knownRegions = (
				en,
				Base,
			);
			mainGroup = 5DEAE8401AF21E5500D55CE1;
			productRefGroup = 5DEAE84A1AF21E5500D55CE1 /* Products */;
			projectDirPath = "";
			projectRoot = "";
			targets = (
				5DEAE8481AF21E5500D55CE1 /* DeepIntoThread */,
				5DEAE8611AF21E5500D55CE1 /* DeepIntoThreadTests */,
			);
		};
/* End PBXProject section */

/* Begin PBXResourcesBuildPhase section */
		5DEAE8471AF21E5500D55CE1 /* Resources */ = {
			isa = PBXResourcesBuildPhase;
			buildActionMask = 2147483647;
			files = (
				5DEAE8581AF21E5500D55CE1 /* Main.storyboard in Resources */,
				5DEAE85D1AF21E5500D55CE1 /* LaunchScreen.xib in Resources */,
				5DEAE85A1AF21E5500D55CE1 /* Images.xcassets in Resources */,
			);
			runOnlyForDeploymentPostprocessing = 0;
		};
		5DEAE8601AF21E5500D55CE1 /* Resources */ = {
			isa = PBXResourcesBuildPhase;
			buildActionMask = 2147483647;
			files = (
			);
			runOnlyForDeploymentPostprocessing = 0;
		};
/* End PBXResourcesBuildPhase section */

/* Begin PBXSourcesBuildPhase section */
		5DEAE8451AF21E5500D55CE1 /* Sources */ = {
			isa = PBXSourcesBuildPhase;
			buildActionMask = 2147483647;
			files = (
				5DEAE8551AF21E5500D55CE1 /* ViewController.m in Sources */,
				5DEAE8521AF21E5500D55CE1 /* AppDelegate.m in Sources */,
				5DEAE84F1AF21E5500D55CE1 /* main.m in Sources */,
			);
			runOnlyForDeploymentPostprocessing = 0;
		};
		5DEAE85E1AF21E5500D55CE1 /* Sources */ = {
			isa = PBXSourcesBuildPhase;
			buildActionMask = 2147483647;
			files = (
				5DEAE8691AF21E5500D55CE1 /* DeepIntoThreadTests.m in Sources */,
			);
			runOnlyForDeploymentPostprocessing = 0;
		};
/* End PBXSourcesBuildPhase section */

/* Begin PBXTargetDependency section */
		5DEAE8641AF21E5500D55CE1 /* PBXTargetDependency */ = {
			isa = PBXTargetDependency;
			target = 5DEAE8481AF21E5500D55CE1 /* DeepIntoThread */;
			targetProxy = 5DEAE8631AF21E5500D55CE1 /* PBXContainerItemProxy */;
		};
/* End PBXTargetDependency section */

/* Begin PBXVariantGroup section */
		5DEAE8561AF21E5500D55CE1 /* Main.storyboard */ = {
			isa = PBXVariantGroup;
			children = (
				5DEAE8571AF21E5500D55CE1 /* Base */,
			);
			name = Main.storyboard;
			sourceTree = "<group>";
		};
		5DEAE85B1AF21E5500D55CE1 /* LaunchScreen.xib */ = {
			isa = PBXVariantGroup;
			children = (
				5DEAE85C1AF21E5500D55CE1 /* Base */,
			);
			name = LaunchScreen.xib;
			sourceTree = "<group>";
		};
/* End PBXVariantGroup section */

/* Begin XCBuildConfiguration section */
		5DEAE86A1AF21E5500D55CE1 /* Debug */ = {
			isa = XCBuildConfiguration;
			buildSettings = {
				ALWAYS_SEARCH_USER_PATHS = NO;
				CLANG_CXX_LANGUAGE_STANDARD = "gnu++0x";
				CLANG_CXX_LIBRARY = "libc++";
				CLANG_ENABLE_MODULES = YES;
				CLANG_ENABLE_OBJC_ARC = YES;
				CLANG_WARN_BOOL_CONVERSION = YES;
				CLANG_WARN_CONSTANT_CONVERSION = YES;
				CLANG_WARN_DIRECT_OBJC_ISA_USAGE = YES_ERROR;
				CLANG_WARN_EMPTY_BODY = YES;
				CLANG_WARN_ENUM_CONVERSION = YES;
				CLANG_WARN_INT_CONVERSION = YES;
				CLANG_WARN_OBJC_ROOT_CLASS = YES_ERROR;
				CLANG_WARN_UNREACHABLE_CODE = YES;
				CLANG_WARN__DUPLICATE_METHOD_MATCH = YES;
				"CODE_SIGN_IDENTITY[sdk=iphoneos*]" = "iPhone Developer";
				COPY_PHASE_STRIP = NO;
				DEBUG_INFORMATION_FORMAT = "dwarf-with-dsym";
				ENABLE_STRICT_OBJC_MSGSEND = YES;
				GCC_C_LANGUAGE_STANDARD = gnu99;
				GCC_DYNAMIC_NO_PIC = NO;
				GCC_NO_COMMON_BLOCKS = YES;
				GCC_OPTIMIZATION_LEVEL = 0;
				GCC_PREPROCESSOR_DEFINITIONS = (
					"DEBUG=1",
					"$(inherited)",
				);
				GCC_SYMBOLS_PRIVATE_EXTERN = NO;
				GCC_WARN_64_TO_32_BIT_CONVERSION = YES;
				GCC_WARN_ABOUT_RETURN_TYPE = YES_ERROR;
				GCC_WARN_UNDECLARED_SELECTOR = YES;
				GCC_WARN_UNINITIALIZED_AUTOS = YES_AGGRESSIVE;
				GCC_WARN_UNUSED_FUNCTION = YES;
				GCC_WARN_UNUSED_VARIABLE = YES;
				IPHONEOS_DEPLOYMENT_TARGET = 8.3;
				MTL_ENABLE_DEBUG_INFO = YES;
				ONLY_ACTIVE_ARCH = YES;
				SDKROOT = iphoneos;
			};
			name = Debug;
		};
		5DEAE86B1AF21E5500D55CE1 /* Release */ = {
			isa = XCBuildConfiguration;
			buildSettings = {
				ALWAYS_SEARCH_USER_PATHS = NO;
				CLANG_CXX_LANGUAGE_STANDARD = "gnu++0x";
				CLANG_CXX_LIBRARY = "libc++";
				CLANG_ENABLE_MODULES = YES;
				CLANG_ENABLE_OBJC_ARC = YES;
				CLANG_WARN_BOOL_CONVERSION = YES;
				CLANG_WARN_CONSTANT_CONVERSION = YES;
				CLANG_WARN_DIRECT_OBJC_ISA_USAGE = YES_ERROR;
				CLANG_WARN_EMPTY_BODY = YES;
				CLANG_WARN_ENUM_CONVERSION = YES;
				CLANG_WARN_INT_CONVERSION = YES;
				CLANG_WARN_OBJC_ROOT_CLASS = YES_ERROR;
				CLANG_WARN_UNREACHABLE_CODE = YES;
				CLANG_WARN__DUPLICATE_METHOD_MATCH = YES;
				"CODE_SIGN_IDENTITY[sdk=iphoneos*]" = "iPhone Developer";
				COPY_PHASE_STRIP = NO;
				DEBUG_INFORMATION_FORMAT = "dwarf-with-dsym";
				ENABLE_NS_ASSERTIONS = NO;
				ENABLE_STRICT_OBJC_MSGSEND = YES;
				GCC_C_LANGUAGE_STANDARD = gnu99;
				GCC_NO_COMMON_BLOCKS = YES;
				GCC_WARN_64_TO_32_BIT_CONVERSION = YES;
				GCC_WARN_ABOUT_RETURN_TYPE = YES_ERROR;
				GCC_WARN_UNDECLARED_SELECTOR = YES;
				GCC_WARN_UNINITIALIZED_AUTOS = YES_AGGRESSIVE;
				GCC_WARN_UNUSED_FUNCTION = YES;
				GCC_WARN_UNUSED_VARIABLE = YES;
				IPHONEOS_DEPLOYMENT_TARGET = 8.3;
				MTL_ENABLE_DEBUG_INFO = NO;
				SDKROOT = iphoneos;
				VALIDATE_PRODUCT = YES;
			};
			name = Release;
		};
		5DEAE86D1AF21E5500D55CE1 /* Debug */ = {
			isa = XCBuildConfiguration;
			buildSettings = {
				ASSETCATALOG_COMPILER_APPICON_NAME = AppIcon;
				INFOPLIST_FILE = DeepIntoThread/Info.plist;
				LD_RUNPATH_SEARCH_PATHS = "$(inherited) @executable_path/Frameworks";
				PRODUCT_NAME = "$(TARGET_NAME)";
			};
			name = Debug;
		};
		5DEAE86E1AF21E5500D55CE1 /* Release */ = {
			isa = XCBuildConfiguration;
			buildSettings = {
				ASSETCATALOG_COMPILER_APPICON_NAME = AppIcon;
				INFOPLIST_FILE = DeepIntoThread/Info.plist;
				LD_RUNPATH_SEARCH_PATHS = "$(inherited) @executable_path/Frameworks";
				PRODUCT_NAME = "$(TARGET_NAME)";
			};
			name = Release;
		};
		5DEAE8701AF21E5500D55CE1 /* Debug */ = {
			isa = XCBuildConfiguration;
			buildSettings = {
				BUNDLE_LOADER = "$(TEST_HOST)";
				FRAMEWORK_SEARCH_PATHS = (
					"$(SDKROOT)/Developer/Library/Frameworks",
					"$(inherited)",
				);
				GCC_PREPROCESSOR_DEFINITIONS = (
					"DEBUG=1",
					"$(inherited)",
				);
				INFOPLIST_FILE = DeepIntoThreadTests/Info.plist;
				LD_RUNPATH_SEARCH_PATHS = "$(inherited) @executable_path/Frameworks @loader_path/Frameworks";
				PRODUCT_NAME = "$(TARGET_NAME)";
				TEST_HOST = "$(BUILT_PRODUCTS_DIR)/DeepIntoThread.app/DeepIntoThread";
			};
			name = Debug;
		};
		5DEAE8711AF21E5500D55CE1 /* Release */ = {
			isa = XCBuildConfiguration;
			buildSettings = {
				BUNDLE_LOADER = "$(TEST_HOST)";
				FRAMEWORK_SEARCH_PATHS = (
					"$(SDKROOT)/Developer/Library/Frameworks",
					"$(inherited)",
				);
				INFOPLIST_FILE = DeepIntoThreadTests/Info.plist;
				LD_RUNPATH_SEARCH_PATHS = "$(inherited) @executable_path/Frameworks @loader_path/Frameworks";
				PRODUCT_NAME = "$(TARGET_NAME)";
				TEST_HOST = "$(BUILT_PRODUCTS_DIR)/DeepIntoThread.app/DeepIntoThread";
			};
			name = Release;
		};
/* End XCBuildConfiguration section */

/* Begin XCConfigurationList section */
		5DEAE8441AF21E5500D55CE1 /* Build configuration list for PBXProject "DeepIntoThread" */ = {
			isa = XCConfigurationList;
			buildConfigurations = (
				5DEAE86A1AF21E5500D55CE1 /* Debug */,
				5DEAE86B1AF21E5500D55CE1 /* Release */,
			);
			defaultConfigurationIsVisible = 0;
			defaultConfigurationName = Release;
		};
		5DEAE86C1AF21E5500D55CE1 /* Build configuration list for PBXNativeTarget "DeepIntoThread" */ = {
			isa = XCConfigurationList;
			buildConfigurations = (
				5DEAE86D1AF21E5500D55CE1 /* Debug */,
				5DEAE86E1AF21E5500D55CE1 /* Release */,
			);
			defaultConfigurationIsVisible = 0;
		};
		5DEAE86F1AF21E5500D55CE1 /* Build configuration list for PBXNativeTarget "DeepIntoThreadTests" */ = {
			isa = XCConfigurationList;
			buildConfigurations = (
				5DEAE8701AF21E5500D55CE1 /* Debug */,
				5DEAE8711AF21E5500D55CE1 /* Release */,
			);
			defaultConfigurationIsVisible = 0;
		};
/* End XCConfigurationList section */
	};
	rootObject = 5DEAE8411AF21E5500D55CE1 /* Project object */;
}
